
Microsoft Visual Studio Solution File, Format Version 12.00
# Visual Studio Version 17
VisualStudioVersion = 17.0.32112.339
MinimumVisualStudioVersion = 10.0.40219.1
Project("{FAE04EC0-301F-11D3-BF4B-00C04F79EFBC}") = "CalculatorV2", "CalculatorV2.csproj", "{6D7FC587-D1A2-4E0E-8C5D-4807EE864569}"
EndProject
Global
	GlobalSection(SolutionConfigurationPlatforms) = preSolution
		Debug|Any CPU = Debug|Any CPU
		Release|Any CPU = Release|Any CPU
	EndGlobalSection
	GlobalSection(ProjectConfigurationPlatforms) = postSolution
		{6D7FC587-D1A2-4E0E-8C5D-4807EE864569}.Debug|Any CPU.ActiveCfg = Debug|Any CPU
		{6D7FC587-D1A2-4E0E-8C5D-4807EE864569}.Debug|Any CPU.Build.0 = Debug|Any CPU
		{6D7FC587-D1A2-4E0E-8C5D-4807EE864569}.Release|Any CPU.ActiveCfg = Release|Any CPU
		{6D7FC587-D1A2-4E0E-8C5D-4807EE864569}.Release|Any CPU.Build.0 = Release|Any CPU
	EndGlobalSection
	GlobalSection(SolutionProperties) = preSolution
		HideSolutionNode = FALSE
	EndGlobalSection
	GlobalSection(ExtensibilityGlobals) = postSolution
		SolutionGuid = {AD3A249A-3389-4E78-9A7B-FE94661753BF}
	EndGlobalSection
EndGlobal
